
Microsoft Visual Studio Solution File, Format Version 12.00
# Visual Studio 14
VisualStudioVersion = 14.0.25420.1
MinimumVisualStudioVersion = 10.0.40219.1
Project("{8BC9CEB8-8B4A-11D0-8D11-00A0C91BC942}") = "GSX Studio", "GSX Studio\GSX Studio.vcxproj", "{9696B190-8A31-45BA-A43E-0287102EF438}"
	ProjectSection(ProjectDependencies) = postProject
		{A7FB3E02-130E-49CF-9541-4E79D1A719E4} = {A7FB3E02-130E-49CF-9541-4E79D1A719E4}
		{1206682D-5A77-4F30-A100-718F0F8394A4} = {1206682D-5A77-4F30-A100-718F0F8394A4}
		{A75510D3-685F-4957-B72E-2F527BE98096} = {A75510D3-685F-4957-B72E-2F527BE98096}
	EndProjectSection
EndProject
Project("{FAE04EC0-301F-11D3-BF4B-00C04F79EFBC}") = "GSXCompilerLib", "GSXCompilerLib\GSXCompilerLib.csproj", "{A75510D3-685F-4957-B72E-2F527BE98096}"
EndProject
Project("{FAE04EC0-301F-11D3-BF4B-00C04F79EFBC}") = "FastColoredTextBox", "..\FastColoredTextBox-master\FastColoredTextBox\FastColoredTextBox.csproj", "{6DD14A85-CCFC-4774-BD26-0F5772512319}"
EndProject
Project("{FAE04EC0-301F-11D3-BF4B-00C04F79EFBC}") = "010.Irony.2012", "..\Irony_2013_12_12\Irony\010.Irony.2012.csproj", "{D81F5C91-D7DB-46E5-BC99-49488FB6814C}"
EndProject
Project("{FAE04EC0-301F-11D3-BF4B-00C04F79EFBC}") = "Updater", "Updater\Updater.csproj", "{1206682D-5A77-4F30-A100-718F0F8394A4}"
EndProject
Project("{FAE04EC0-301F-11D3-BF4B-00C04F79EFBC}") = "InjectionDBCreator", "InjectionDBCreator\InjectionDBCreator.csproj", "{A1758D06-BA5B-43DE-8FE8-097ADB9F55F6}"
EndProject
Project("{FAE04EC0-301F-11D3-BF4B-00C04F79EFBC}") = "FunctionResolver", "FunctionResolver\FunctionResolver\FunctionResolver.csproj", "{CCFF75AC-1435-4EF0-B399-F1983D5255D3}"
EndProject
Project("{FAE04EC0-301F-11D3-BF4B-00C04F79EFBC}") = "PostBuildConsole", "_Packaging\PostBuildConsole\PostBuildConsole.csproj", "{4B881526-0E29-4B0A-B91C-CFF71DF20CE8}"
EndProject
Project("{930C7802-8A8C-48F9-8165-68863BCCD9DD}") = "GSX Studio Setup", "GSX Studio Setup\GSX Studio Setup.wixproj", "{17E582F5-7213-43FF-9C76-150DCE449E5A}"
EndProject
Project("{FAE04EC0-301F-11D3-BF4B-00C04F79EFBC}") = "CertInstall", "CertInstall\CertInstall.csproj", "{A7FB3E02-130E-49CF-9541-4E79D1A719E4}"
EndProject
Project("{FAE04EC0-301F-11D3-BF4B-00C04F79EFBC}") = "CustomFunctionsUtil", "CustomFunctionsUtil\CustomFunctionsUtil.csproj", "{4CCD88BB-32D7-44B2-8540-6FAC2B0D4F76}"
	ProjectSection(ProjectDependencies) = postProject
		{A75510D3-685F-4957-B72E-2F527BE98096} = {A75510D3-685F-4957-B72E-2F527BE98096}
	EndProjectSection
EndProject
Project("{FAE04EC0-301F-11D3-BF4B-00C04F79EFBC}") = "ConsoleUtil", "ConsoleUtil\ConsoleUtil.csproj", "{B0289DF9-8832-4160-9D21-97217D9A0EB5}"
EndProject
Global
	GlobalSection(SolutionConfigurationPlatforms) = preSolution
		Debug|Any CPU = Debug|Any CPU
		Debug|x64 = Debug|x64
		Debug|x86 = Debug|x86
		Release|Any CPU = Release|Any CPU
		Release|x64 = Release|x64
		Release|x86 = Release|x86
	EndGlobalSection
	GlobalSection(ProjectConfigurationPlatforms) = postSolution
		{9696B190-8A31-45BA-A43E-0287102EF438}.Debug|Any CPU.ActiveCfg = Debug|Win32
		{9696B190-8A31-45BA-A43E-0287102EF438}.Debug|x64.ActiveCfg = Debug|x64
		{9696B190-8A31-45BA-A43E-0287102EF438}.Debug|x64.Build.0 = Debug|x64
		{9696B190-8A31-45BA-A43E-0287102EF438}.Debug|x86.ActiveCfg = Debug|Win32
		{9696B190-8A31-45BA-A43E-0287102EF438}.Debug|x86.Build.0 = Debug|Win32
		{9696B190-8A31-45BA-A43E-0287102EF438}.Debug|x86.Deploy.0 = Debug|Win32
		{9696B190-8A31-45BA-A43E-0287102EF438}.Release|Any CPU.ActiveCfg = Release|Win32
		{9696B190-8A31-45BA-A43E-0287102EF438}.Release|x64.ActiveCfg = Release|x64
		{9696B190-8A31-45BA-A43E-0287102EF438}.Release|x64.Build.0 = Release|x64
		{9696B190-8A31-45BA-A43E-0287102EF438}.Release|x86.ActiveCfg = Release|Win32
		{9696B190-8A31-45BA-A43E-0287102EF438}.Release|x86.Build.0 = Release|Win32
		{9696B190-8A31-45BA-A43E-0287102EF438}.Release|x86.Deploy.0 = Release|Win32
		{A75510D3-685F-4957-B72E-2F527BE98096}.Debug|Any CPU.ActiveCfg = Debug|Any CPU
		{A75510D3-685F-4957-B72E-2F527BE98096}.Debug|Any CPU.Build.0 = Debug|Any CPU
		{A75510D3-685F-4957-B72E-2F527BE98096}.Debug|x64.ActiveCfg = Debug|Any CPU
		{A75510D3-685F-4957-B72E-2F527BE98096}.Debug|x64.Build.0 = Debug|Any CPU
		{A75510D3-685F-4957-B72E-2F527BE98096}.Debug|x86.ActiveCfg = Debug|Any CPU
		{A75510D3-685F-4957-B72E-2F527BE98096}.Debug|x86.Build.0 = Debug|Any CPU
		{A75510D3-685F-4957-B72E-2F527BE98096}.Release|Any CPU.ActiveCfg = Release|Any CPU
		{A75510D3-685F-4957-B72E-2F527BE98096}.Release|Any CPU.Build.0 = Release|Any CPU
		{A75510D3-685F-4957-B72E-2F527BE98096}.Release|x64.ActiveCfg = Release|Any CPU
		{A75510D3-685F-4957-B72E-2F527BE98096}.Release|x64.Build.0 = Release|Any CPU
		{A75510D3-685F-4957-B72E-2F527BE98096}.Release|x86.ActiveCfg = Release|Any CPU
		{A75510D3-685F-4957-B72E-2F527BE98096}.Release|x86.Build.0 = Release|Any CPU
		{6DD14A85-CCFC-4774-BD26-0F5772512319}.Debug|Any CPU.ActiveCfg = Debug|Any CPU
		{6DD14A85-CCFC-4774-BD26-0F5772512319}.Debug|Any CPU.Build.0 = Debug|Any CPU
		{6DD14A85-CCFC-4774-BD26-0F5772512319}.Debug|x64.ActiveCfg = Debug|Any CPU
		{6DD14A85-CCFC-4774-BD26-0F5772512319}.Debug|x64.Build.0 = Debug|Any CPU
		{6DD14A85-CCFC-4774-BD26-0F5772512319}.Debug|x86.ActiveCfg = Debug|Any CPU
		{6DD14A85-CCFC-4774-BD26-0F5772512319}.Debug|x86.Build.0 = Debug|Any CPU
		{6DD14A85-CCFC-4774-BD26-0F5772512319}.Release|Any CPU.ActiveCfg = Release|Any CPU
		{6DD14A85-CCFC-4774-BD26-0F5772512319}.Release|Any CPU.Build.0 = Release|Any CPU
		{6DD14A85-CCFC-4774-BD26-0F5772512319}.Release|x64.ActiveCfg = Release|Any CPU
		{6DD14A85-CCFC-4774-BD26-0F5772512319}.Release|x64.Build.0 = Release|Any CPU
		{6DD14A85-CCFC-4774-BD26-0F5772512319}.Release|x86.ActiveCfg = Release|Any CPU
		{6DD14A85-CCFC-4774-BD26-0F5772512319}.Release|x86.Build.0 = Release|Any CPU
		{D81F5C91-D7DB-46E5-BC99-49488FB6814C}.Debug|Any CPU.ActiveCfg = Debug|Any CPU
		{D81F5C91-D7DB-46E5-BC99-49488FB6814C}.Debug|Any CPU.Build.0 = Debug|Any CPU
		{D81F5C91-D7DB-46E5-BC99-49488FB6814C}.Debug|x64.ActiveCfg = Debug|Any CPU
		{D81F5C91-D7DB-46E5-BC99-49488FB6814C}.Debug|x64.Build.0 = Debug|Any CPU
		{D81F5C91-D7DB-46E5-BC99-49488FB6814C}.Debug|x86.ActiveCfg = Debug|Any CPU
		{D81F5C91-D7DB-46E5-BC99-49488FB6814C}.Debug|x86.Build.0 = Debug|Any CPU
		{D81F5C91-D7DB-46E5-BC99-49488FB6814C}.Release|Any CPU.ActiveCfg = Release|Any CPU
		{D81F5C91-D7DB-46E5-BC99-49488FB6814C}.Release|Any CPU.Build.0 = Release|Any CPU
		{D81F5C91-D7DB-46E5-BC99-49488FB6814C}.Release|x64.ActiveCfg = Release|Any CPU
		{D81F5C91-D7DB-46E5-BC99-49488FB6814C}.Release|x64.Build.0 = Release|Any CPU
		{D81F5C91-D7DB-46E5-BC99-49488FB6814C}.Release|x86.ActiveCfg = Release|Any CPU
		{D81F5C91-D7DB-46E5-BC99-49488FB6814C}.Release|x86.Build.0 = Release|Any CPU
		{1206682D-5A77-4F30-A100-718F0F8394A4}.Debug|Any CPU.ActiveCfg = Debug|Any CPU
		{1206682D-5A77-4F30-A100-718F0F8394A4}.Debug|Any CPU.Build.0 = Debug|Any CPU
		{1206682D-5A77-4F30-A100-718F0F8394A4}.Debug|x64.ActiveCfg = Debug|Any CPU
		{1206682D-5A77-4F30-A100-718F0F8394A4}.Debug|x64.Build.0 = Debug|Any CPU
		{1206682D-5A77-4F30-A100-718F0F8394A4}.Debug|x86.ActiveCfg = Debug|Any CPU
		{1206682D-5A77-4F30-A100-718F0F8394A4}.Debug|x86.Build.0 = Debug|Any CPU
		{1206682D-5A77-4F30-A100-718F0F8394A4}.Release|Any CPU.ActiveCfg = Release|Any CPU
		{1206682D-5A77-4F30-A100-718F0F8394A4}.Release|Any CPU.Build.0 = Release|Any CPU
		{1206682D-5A77-4F30-A100-718F0F8394A4}.Release|x64.ActiveCfg = Release|Any CPU
		{1206682D-5A77-4F30-A100-718F0F8394A4}.Release|x64.Build.0 = Release|Any CPU
		{1206682D-5A77-4F30-A100-718F0F8394A4}.Release|x86.ActiveCfg = Release|Any CPU
		{1206682D-5A77-4F30-A100-718F0F8394A4}.Release|x86.Build.0 = Release|Any CPU
		{A1758D06-BA5B-43DE-8FE8-097ADB9F55F6}.Debug|Any CPU.ActiveCfg = Debug|Any CPU
		{A1758D06-BA5B-43DE-8FE8-097ADB9F55F6}.Debug|Any CPU.Build.0 = Debug|Any CPU
		{A1758D06-BA5B-43DE-8FE8-097ADB9F55F6}.Debug|x64.ActiveCfg = Debug|Any CPU
		{A1758D06-BA5B-43DE-8FE8-097ADB9F55F6}.Debug|x64.Build.0 = Debug|Any CPU
		{A1758D06-BA5B-43DE-8FE8-097ADB9F55F6}.Debug|x86.ActiveCfg = Debug|Any CPU
		{A1758D06-BA5B-43DE-8FE8-097ADB9F55F6}.Debug|x86.Build.0 = Debug|Any CPU
		{A1758D06-BA5B-43DE-8FE8-097ADB9F55F6}.Release|Any CPU.ActiveCfg = Release|Any CPU
		{A1758D06-BA5B-43DE-8FE8-097ADB9F55F6}.Release|Any CPU.Build.0 = Release|Any CPU
		{A1758D06-BA5B-43DE-8FE8-097ADB9F55F6}.Release|x64.ActiveCfg = Release|Any CPU
		{A1758D06-BA5B-43DE-8FE8-097ADB9F55F6}.Release|x64.Build.0 = Release|Any CPU
		{A1758D06-BA5B-43DE-8FE8-097ADB9F55F6}.Release|x86.ActiveCfg = Release|Any CPU
		{A1758D06-BA5B-43DE-8FE8-097ADB9F55F6}.Release|x86.Build.0 = Release|Any CPU
		{CCFF75AC-1435-4EF0-B399-F1983D5255D3}.Debug|Any CPU.ActiveCfg = Debug|Any CPU
		{CCFF75AC-1435-4EF0-B399-F1983D5255D3}.Debug|Any CPU.Build.0 = Debug|Any CPU
		{CCFF75AC-1435-4EF0-B399-F1983D5255D3}.Debug|x64.ActiveCfg = Debug|Any CPU
		{CCFF75AC-1435-4EF0-B399-F1983D5255D3}.Debug|x64.Build.0 = Debug|Any CPU
		{CCFF75AC-1435-4EF0-B399-F1983D5255D3}.Debug|x86.ActiveCfg = Debug|Any CPU
		{CCFF75AC-1435-4EF0-B399-F1983D5255D3}.Debug|x86.Build.0 = Debug|Any CPU
		{CCFF75AC-1435-4EF0-B399-F1983D5255D3}.Release|Any CPU.ActiveCfg = Release|Any CPU
		{CCFF75AC-1435-4EF0-B399-F1983D5255D3}.Release|Any CPU.Build.0 = Release|Any CPU
		{CCFF75AC-1435-4EF0-B399-F1983D5255D3}.Release|x64.ActiveCfg = Release|Any CPU
		{CCFF75AC-1435-4EF0-B399-F1983D5255D3}.Release|x64.Build.0 = Release|Any CPU
		{CCFF75AC-1435-4EF0-B399-F1983D5255D3}.Release|x86.ActiveCfg = Release|Any CPU
		{CCFF75AC-1435-4EF0-B399-F1983D5255D3}.Release|x86.Build.0 = Release|Any CPU
		{4B881526-0E29-4B0A-B91C-CFF71DF20CE8}.Debug|Any CPU.ActiveCfg = Debug|Any CPU
		{4B881526-0E29-4B0A-B91C-CFF71DF20CE8}.Debug|Any CPU.Build.0 = Debug|Any CPU
		{4B881526-0E29-4B0A-B91C-CFF71DF20CE8}.Debug|x64.ActiveCfg = Debug|Any CPU
		{4B881526-0E29-4B0A-B91C-CFF71DF20CE8}.Debug|x64.Build.0 = Debug|Any CPU
		{4B881526-0E29-4B0A-B91C-CFF71DF20CE8}.Debug|x86.ActiveCfg = Debug|Any CPU
		{4B881526-0E29-4B0A-B91C-CFF71DF20CE8}.Debug|x86.Build.0 = Debug|Any CPU
		{4B881526-0E29-4B0A-B91C-CFF71DF20CE8}.Release|Any CPU.ActiveCfg = Release|Any CPU
		{4B881526-0E29-4B0A-B91C-CFF71DF20CE8}.Release|Any CPU.Build.0 = Release|Any CPU
		{4B881526-0E29-4B0A-B91C-CFF71DF20CE8}.Release|x64.ActiveCfg = Release|Any CPU
		{4B881526-0E29-4B0A-B91C-CFF71DF20CE8}.Release|x64.Build.0 = Release|Any CPU
		{4B881526-0E29-4B0A-B91C-CFF71DF20CE8}.Release|x86.ActiveCfg = Release|Any CPU
		{4B881526-0E29-4B0A-B91C-CFF71DF20CE8}.Release|x86.Build.0 = Release|Any CPU
		{17E582F5-7213-43FF-9C76-150DCE449E5A}.Debug|Any CPU.ActiveCfg = Debug|x86
		{17E582F5-7213-43FF-9C76-150DCE449E5A}.Debug|x64.ActiveCfg = Debug|x86
		{17E582F5-7213-43FF-9C76-150DCE449E5A}.Debug|x86.ActiveCfg = Debug|x86
		{17E582F5-7213-43FF-9C76-150DCE449E5A}.Debug|x86.Build.0 = Debug|x86
		{17E582F5-7213-43FF-9C76-150DCE449E5A}.Release|Any CPU.ActiveCfg = Release|x86
		{17E582F5-7213-43FF-9C76-150DCE449E5A}.Release|x64.ActiveCfg = Release|x86
		{17E582F5-7213-43FF-9C76-150DCE449E5A}.Release|x86.ActiveCfg = Release|x86
		{17E582F5-7213-43FF-9C76-150DCE449E5A}.Release|x86.Build.0 = Release|x86
		{A7FB3E02-130E-49CF-9541-4E79D1A719E4}.Debug|Any CPU.ActiveCfg = Debug|Any CPU
		{A7FB3E02-130E-49CF-9541-4E79D1A719E4}.Debug|Any CPU.Build.0 = Debug|Any CPU
		{A7FB3E02-130E-49CF-9541-4E79D1A719E4}.Debug|x64.ActiveCfg = Debug|Any CPU
		{A7FB3E02-130E-49CF-9541-4E79D1A719E4}.Debug|x64.Build.0 = Debug|Any CPU
		{A7FB3E02-130E-49CF-9541-4E79D1A719E4}.Debug|x86.ActiveCfg = Debug|Any CPU
		{A7FB3E02-130E-49CF-9541-4E79D1A719E4}.Debug|x86.Build.0 = Debug|Any CPU
		{A7FB3E02-130E-49CF-9541-4E79D1A719E4}.Release|Any CPU.ActiveCfg = Release|Any CPU
		{A7FB3E02-130E-49CF-9541-4E79D1A719E4}.Release|Any CPU.Build.0 = Release|Any CPU
		{A7FB3E02-130E-49CF-9541-4E79D1A719E4}.Release|x64.ActiveCfg = Release|Any CPU
		{A7FB3E02-130E-49CF-9541-4E79D1A719E4}.Release|x64.Build.0 = Release|Any CPU
		{A7FB3E02-130E-49CF-9541-4E79D1A719E4}.Release|x86.ActiveCfg = Release|Any CPU
		{A7FB3E02-130E-49CF-9541-4E79D1A719E4}.Release|x86.Build.0 = Release|Any CPU
		{4CCD88BB-32D7-44B2-8540-6FAC2B0D4F76}.Debug|Any CPU.ActiveCfg = Debug|Any CPU
		{4CCD88BB-32D7-44B2-8540-6FAC2B0D4F76}.Debug|Any CPU.Build.0 = Debug|Any CPU
		{4CCD88BB-32D7-44B2-8540-6FAC2B0D4F76}.Debug|x64.ActiveCfg = Debug|Any CPU
		{4CCD88BB-32D7-44B2-8540-6FAC2B0D4F76}.Debug|x64.Build.0 = Debug|Any CPU
		{4CCD88BB-32D7-44B2-8540-6FAC2B0D4F76}.Debug|x86.ActiveCfg = Debug|Any CPU
		{4CCD88BB-32D7-44B2-8540-6FAC2B0D4F76}.Debug|x86.Build.0 = Debug|Any CPU
		{4CCD88BB-32D7-44B2-8540-6FAC2B0D4F76}.Release|Any CPU.ActiveCfg = Release|Any CPU
		{4CCD88BB-32D7-44B2-8540-6FAC2B0D4F76}.Release|Any CPU.Build.0 = Release|Any CPU
		{4CCD88BB-32D7-44B2-8540-6FAC2B0D4F76}.Release|x64.ActiveCfg = Release|Any CPU
		{4CCD88BB-32D7-44B2-8540-6FAC2B0D4F76}.Release|x64.Build.0 = Release|Any CPU
		{4CCD88BB-32D7-44B2-8540-6FAC2B0D4F76}.Release|x86.ActiveCfg = Release|Any CPU
		{4CCD88BB-32D7-44B2-8540-6FAC2B0D4F76}.Release|x86.Build.0 = Release|Any CPU
		{B0289DF9-8832-4160-9D21-97217D9A0EB5}.Debug|Any CPU.ActiveCfg = Debug|Any CPU
		{B0289DF9-8832-4160-9D21-97217D9A0EB5}.Debug|Any CPU.Build.0 = Debug|Any CPU
		{B0289DF9-8832-4160-9D21-97217D9A0EB5}.Debug|x64.ActiveCfg = Debug|Any CPU
		{B0289DF9-8832-4160-9D21-97217D9A0EB5}.Debug|x64.Build.0 = Debug|Any CPU
		{B0289DF9-8832-4160-9D21-97217D9A0EB5}.Debug|x86.ActiveCfg = Debug|Any CPU
		{B0289DF9-8832-4160-9D21-97217D9A0EB5}.Debug|x86.Build.0 = Debug|Any CPU
		{B0289DF9-8832-4160-9D21-97217D9A0EB5}.Release|Any CPU.ActiveCfg = Release|Any CPU
		{B0289DF9-8832-4160-9D21-97217D9A0EB5}.Release|Any CPU.Build.0 = Release|Any CPU
		{B0289DF9-8832-4160-9D21-97217D9A0EB5}.Release|x64.ActiveCfg = Release|Any CPU
		{B0289DF9-8832-4160-9D21-97217D9A0EB5}.Release|x64.Build.0 = Release|Any CPU
		{B0289DF9-8832-4160-9D21-97217D9A0EB5}.Release|x86.ActiveCfg = Release|Any CPU
		{B0289DF9-8832-4160-9D21-97217D9A0EB5}.Release|x86.Build.0 = Release|Any CPU
	EndGlobalSection
	GlobalSection(SolutionProperties) = preSolution
		HideSolutionNode = FALSE
	EndGlobalSection
	GlobalSection(ExtensibilityGlobals) = postSolution
		SolutionGuid = {3221FEBE-411B-4349-8070-7560F3B56035}
	EndGlobalSection
EndGlobal
